
Microsoft Visual Studio Solution File, Format Version 12.00
# Visual Studio Version 17
VisualStudioVersion = 17.0.31903.59
MinimumVisualStudioVersion = 10.0.40219.1
Project("{2150E333-8FDC-42A3-9474-1A3956D46DE8}") = "src", "src", "{827E0CD3-B72D-47B6-A68D-7590B98EB39B}"
EndProject
Project("{FAE04EC0-301F-11D3-BF4B-00C04F79EFBC}") = "SiBangku.Cli", "src\SiBangku.Cli\SiBangku.Cli.csproj", "{63C7DF15-F0B9-4821-9F2B-111918ECF03E}"
EndProject
Project("{FAE04EC0-301F-11D3-BF4B-00C04F79EFBC}") = "SiBangku.Shared", "src\SiBangku.Shared\SiBangku.Shared.csproj", "{9D756C50-BBC7-46CF-BBA2-62016898D5E3}"
EndProject
Project("{FAE04EC0-301F-11D3-BF4B-00C04F79EFBC}") = "SiBangku.Db", "src\SiBangku.Db\SiBangku.Db.csproj", "{E1177CC3-10F3-4B37-87D6-8ED38B5200B9}"
EndProject
Project("{FAE04EC0-301F-11D3-BF4B-00C04F79EFBC}") = "SiBangku.ControlApi", "src\SiBangku.ControlApi\SiBangku.ControlApi.csproj", "{3F3995DE-A3AD-45D0-86AB-7C7630151ED0}"
EndProject
Project("{FAE04EC0-301F-11D3-BF4B-00C04F79EFBC}") = "SiBangku.TenantApi", "src\SiBangku.TenantApi\SiBangku.TenantApi.csproj", "{009FE7ED-75C0-4010-9D8F-8A97714FB405}"
EndProject
Project("{FAE04EC0-301F-11D3-BF4B-00C04F79EFBC}") = "SiBangku.Tests", "src\SiBangku.Tests\SiBangku.Tests.csproj", "{57B6F025-394C-4EE7-97F7-968965ED9C24}"
EndProject
Project("{FAE04EC0-301F-11D3-BF4B-00C04F79EFBC}") = "SiBangku.Web", "src\SiBangku.Web\SiBangku.Web.csproj", "{AF0C7B1C-208F-497C-A39D-C42A0BAD2321}"
EndProject
Project("{FAE04EC0-301F-11D3-BF4B-00C04F79EFBC}") = "SiBangku.Worker", "src\SiBangku.Worker\SiBangku.Worker.csproj", "{EE89DAAD-EEBC-4084-BBF4-0C471944FD02}"
EndProject
Global
	GlobalSection(SolutionConfigurationPlatforms) = preSolution
		Debug|Any CPU = Debug|Any CPU
		Debug|x64 = Debug|x64
		Debug|x86 = Debug|x86
		Release|Any CPU = Release|Any CPU
		Release|x64 = Release|x64
		Release|x86 = Release|x86
	EndGlobalSection
	GlobalSection(ProjectConfigurationPlatforms) = postSolution
		{63C7DF15-F0B9-4821-9F2B-111918ECF03E}.Debug|Any CPU.ActiveCfg = Debug|Any CPU
		{63C7DF15-F0B9-4821-9F2B-111918ECF03E}.Debug|Any CPU.Build.0 = Debug|Any CPU
		{63C7DF15-F0B9-4821-9F2B-111918ECF03E}.Debug|x64.ActiveCfg = Debug|Any CPU
		{63C7DF15-F0B9-4821-9F2B-111918ECF03E}.Debug|x64.Build.0 = Debug|Any CPU
		{63C7DF15-F0B9-4821-9F2B-111918ECF03E}.Debug|x86.ActiveCfg = Debug|Any CPU
		{63C7DF15-F0B9-4821-9F2B-111918ECF03E}.Debug|x86.Build.0 = Debug|Any CPU
		{63C7DF15-F0B9-4821-9F2B-111918ECF03E}.Release|Any CPU.ActiveCfg = Release|Any CPU
		{63C7DF15-F0B9-4821-9F2B-111918ECF03E}.Release|Any CPU.Build.0 = Release|Any CPU
		{63C7DF15-F0B9-4821-9F2B-111918ECF03E}.Release|x64.ActiveCfg = Release|Any CPU
		{63C7DF15-F0B9-4821-9F2B-111918ECF03E}.Release|x64.Build.0 = Release|Any CPU
		{63C7DF15-F0B9-4821-9F2B-111918ECF03E}.Release|x86.ActiveCfg = Release|Any CPU
		{63C7DF15-F0B9-4821-9F2B-111918ECF03E}.Release|x86.Build.0 = Release|Any CPU
		{9D756C50-BBC7-46CF-BBA2-62016898D5E3}.Debug|Any CPU.ActiveCfg = Debug|Any CPU
		{9D756C50-BBC7-46CF-BBA2-62016898D5E3}.Debug|Any CPU.Build.0 = Debug|Any CPU
		{9D756C50-BBC7-46CF-BBA2-62016898D5E3}.Debug|x64.ActiveCfg = Debug|Any CPU
		{9D756C50-BBC7-46CF-BBA2-62016898D5E3}.Debug|x64.Build.0 = Debug|Any CPU
		{9D756C50-BBC7-46CF-BBA2-62016898D5E3}.Debug|x86.ActiveCfg = Debug|Any CPU
		{9D756C50-BBC7-46CF-BBA2-62016898D5E3}.Debug|x86.Build.0 = Debug|Any CPU
		{9D756C50-BBC7-46CF-BBA2-62016898D5E3}.Release|Any CPU.ActiveCfg = Release|Any CPU
		{9D756C50-BBC7-46CF-BBA2-62016898D5E3}.Release|Any CPU.Build.0 = Release|Any CPU
		{9D756C50-BBC7-46CF-BBA2-62016898D5E3}.Release|x64.ActiveCfg = Release|Any CPU
		{9D756C50-BBC7-46CF-BBA2-62016898D5E3}.Release|x64.Build.0 = Release|Any CPU
		{9D756C50-BBC7-46CF-BBA2-62016898D5E3}.Release|x86.ActiveCfg = Release|Any CPU
		{9D756C50-BBC7-46CF-BBA2-62016898D5E3}.Release|x86.Build.0 = Release|Any CPU
		{E1177CC3-10F3-4B37-87D6-8ED38B5200B9}.Debug|Any CPU.ActiveCfg = Debug|Any CPU
		{E1177CC3-10F3-4B37-87D6-8ED38B5200B9}.Debug|Any CPU.Build.0 = Debug|Any CPU
		{E1177CC3-10F3-4B37-87D6-8ED38B5200B9}.Debug|x64.ActiveCfg = Debug|Any CPU
		{E1177CC3-10F3-4B37-87D6-8ED38B5200B9}.Debug|x64.Build.0 = Debug|Any CPU
		{E1177CC3-10F3-4B37-87D6-8ED38B5200B9}.Debug|x86.ActiveCfg = Debug|Any CPU
		{E1177CC3-10F3-4B37-87D6-8ED38B5200B9}.Debug|x86.Build.0 = Debug|Any CPU
		{E1177CC3-10F3-4B37-87D6-8ED38B5200B9}.Release|Any CPU.ActiveCfg = Release|Any CPU
		{E1177CC3-10F3-4B37-87D6-8ED38B5200B9}.Release|Any CPU.Build.0 = Release|Any CPU
		{E1177CC3-10F3-4B37-87D6-8ED38B5200B9}.Release|x64.ActiveCfg = Release|Any CPU
		{E1177CC3-10F3-4B37-87D6-8ED38B5200B9}.Release|x64.Build.0 = Release|Any CPU
		{E1177CC3-10F3-4B37-87D6-8ED38B5200B9}.Release|x86.ActiveCfg = Release|Any CPU
		{E1177CC3-10F3-4B37-87D6-8ED38B5200B9}.Release|x86.Build.0 = Release|Any CPU
		{3F3995DE-A3AD-45D0-86AB-7C7630151ED0}.Debug|Any CPU.ActiveCfg = Debug|Any CPU
		{3F3995DE-A3AD-45D0-86AB-7C7630151ED0}.Debug|Any CPU.Build.0 = Debug|Any CPU
		{3F3995DE-A3AD-45D0-86AB-7C7630151ED0}.Debug|x64.ActiveCfg = Debug|Any CPU
		{3F3995DE-A3AD-45D0-86AB-7C7630151ED0}.Debug|x64.Build.0 = Debug|Any CPU
		{3F3995DE-A3AD-45D0-86AB-7C7630151ED0}.Debug|x86.ActiveCfg = Debug|Any CPU
		{3F3995DE-A3AD-45D0-86AB-7C7630151ED0}.Debug|x86.Build.0 = Debug|Any CPU
		{3F3995DE-A3AD-45D0-86AB-7C7630151ED0}.Release|Any CPU.ActiveCfg = Release|Any CPU
		{3F3995DE-A3AD-45D0-86AB-7C7630151ED0}.Release|Any CPU.Build.0 = Release|Any CPU
		{3F3995DE-A3AD-45D0-86AB-7C7630151ED0}.Release|x64.ActiveCfg = Release|Any CPU
		{3F3995DE-A3AD-45D0-86AB-7C7630151ED0}.Release|x64.Build.0 = Release|Any CPU
		{3F3995DE-A3AD-45D0-86AB-7C7630151ED0}.Release|x86.ActiveCfg = Release|Any CPU
		{3F3995DE-A3AD-45D0-86AB-7C7630151ED0}.Release|x86.Build.0 = Release|Any CPU
		{009FE7ED-75C0-4010-9D8F-8A97714FB405}.Debug|Any CPU.ActiveCfg = Debug|Any CPU
		{009FE7ED-75C0-4010-9D8F-8A97714FB405}.Debug|Any CPU.Build.0 = Debug|Any CPU
		{009FE7ED-75C0-4010-9D8F-8A97714FB405}.Debug|x64.ActiveCfg = Debug|Any CPU
		{009FE7ED-75C0-4010-9D8F-8A97714FB405}.Debug|x64.Build.0 = Debug|Any CPU
		{009FE7ED-75C0-4010-9D8F-8A97714FB405}.Debug|x86.ActiveCfg = Debug|Any CPU
		{009FE7ED-75C0-4010-9D8F-8A97714FB405}.Debug|x86.Build.0 = Debug|Any CPU
		{009FE7ED-75C0-4010-9D8F-8A97714FB405}.Release|Any CPU.ActiveCfg = Release|Any CPU
		{009FE7ED-75C0-4010-9D8F-8A97714FB405}.Release|Any CPU.Build.0 = Release|Any CPU
		{009FE7ED-75C0-4010-9D8F-8A97714FB405}.Release|x64.ActiveCfg = Release|Any CPU
		{009FE7ED-75C0-4010-9D8F-8A97714FB405}.Release|x64.Build.0 = Release|Any CPU
		{009FE7ED-75C0-4010-9D8F-8A97714FB405}.Release|x86.ActiveCfg = Release|Any CPU
		{009FE7ED-75C0-4010-9D8F-8A97714FB405}.Release|x86.Build.0 = Release|Any CPU
		{57B6F025-394C-4EE7-97F7-968965ED9C24}.Debug|Any CPU.ActiveCfg = Debug|Any CPU
		{57B6F025-394C-4EE7-97F7-968965ED9C24}.Debug|Any CPU.Build.0 = Debug|Any CPU
		{57B6F025-394C-4EE7-97F7-968965ED9C24}.Debug|x64.ActiveCfg = Debug|Any CPU
		{57B6F025-394C-4EE7-97F7-968965ED9C24}.Debug|x64.Build.0 = Debug|Any CPU
		{57B6F025-394C-4EE7-97F7-968965ED9C24}.Debug|x86.ActiveCfg = Debug|Any CPU
		{57B6F025-394C-4EE7-97F7-968965ED9C24}.Debug|x86.Build.0 = Debug|Any CPU
		{57B6F025-394C-4EE7-97F7-968965ED9C24}.Release|Any CPU.ActiveCfg = Release|Any CPU
		{57B6F025-394C-4EE7-97F7-968965ED9C24}.Release|Any CPU.Build.0 = Release|Any CPU
		{57B6F025-394C-4EE7-97F7-968965ED9C24}.Release|x64.ActiveCfg = Release|Any CPU
		{57B6F025-394C-4EE7-97F7-968965ED9C24}.Release|x64.Build.0 = Release|Any CPU
		{57B6F025-394C-4EE7-97F7-968965ED9C24}.Release|x86.ActiveCfg = Release|Any CPU
		{57B6F025-394C-4EE7-97F7-968965ED9C24}.Release|x86.Build.0 = Release|Any CPU
		{AF0C7B1C-208F-497C-A39D-C42A0BAD2321}.Debug|Any CPU.ActiveCfg = Debug|Any CPU
		{AF0C7B1C-208F-497C-A39D-C42A0BAD2321}.Debug|Any CPU.Build.0 = Debug|Any CPU
		{AF0C7B1C-208F-497C-A39D-C42A0BAD2321}.Debug|x64.ActiveCfg = Debug|Any CPU
		{AF0C7B1C-208F-497C-A39D-C42A0BAD2321}.Debug|x64.Build.0 = Debug|Any CPU
		{AF0C7B1C-208F-497C-A39D-C42A0BAD2321}.Debug|x86.ActiveCfg = Debug|Any CPU
		{AF0C7B1C-208F-497C-A39D-C42A0BAD2321}.Debug|x86.Build.0 = Debug|Any CPU
		{AF0C7B1C-208F-497C-A39D-C42A0BAD2321}.Release|Any CPU.ActiveCfg = Release|Any CPU
		{AF0C7B1C-208F-497C-A39D-C42A0BAD2321}.Release|Any CPU.Build.0 = Release|Any CPU
		{AF0C7B1C-208F-497C-A39D-C42A0BAD2321}.Release|x64.ActiveCfg = Release|Any CPU
		{AF0C7B1C-208F-497C-A39D-C42A0BAD2321}.Release|x64.Build.0 = Release|Any CPU
		{AF0C7B1C-208F-497C-A39D-C42A0BAD2321}.Release|x86.ActiveCfg = Release|Any CPU
		{AF0C7B1C-208F-497C-A39D-C42A0BAD2321}.Release|x86.Build.0 = Release|Any CPU
		{EE89DAAD-EEBC-4084-BBF4-0C471944FD02}.Debug|Any CPU.ActiveCfg = Debug|Any CPU
		{EE89DAAD-EEBC-4084-BBF4-0C471944FD02}.Debug|Any CPU.Build.0 = Debug|Any CPU
		{EE89DAAD-EEBC-4084-BBF4-0C471944FD02}.Debug|x64.ActiveCfg = Debug|Any CPU
		{EE89DAAD-EEBC-4084-BBF4-0C471944FD02}.Debug|x64.Build.0 = Debug|Any CPU
		{EE89DAAD-EEBC-4084-BBF4-0C471944FD02}.Debug|x86.ActiveCfg = Debug|Any CPU
		{EE89DAAD-EEBC-4084-BBF4-0C471944FD02}.Debug|x86.Build.0 = Debug|Any CPU
		{EE89DAAD-EEBC-4084-BBF4-0C471944FD02}.Release|Any CPU.ActiveCfg = Release|Any CPU
		{EE89DAAD-EEBC-4084-BBF4-0C471944FD02}.Release|Any CPU.Build.0 = Release|Any CPU
		{EE89DAAD-EEBC-4084-BBF4-0C471944FD02}.Release|x64.ActiveCfg = Release|Any CPU
		{EE89DAAD-EEBC-4084-BBF4-0C471944FD02}.Release|x64.Build.0 = Release|Any CPU
		{EE89DAAD-EEBC-4084-BBF4-0C471944FD02}.Release|x86.ActiveCfg = Release|Any CPU
		{EE89DAAD-EEBC-4084-BBF4-0C471944FD02}.Release|x86.Build.0 = Release|Any CPU
	EndGlobalSection
	GlobalSection(SolutionProperties) = preSolution
		HideSolutionNode = FALSE
	EndGlobalSection
	GlobalSection(NestedProjects) = preSolution
		{63C7DF15-F0B9-4821-9F2B-111918ECF03E} = {827E0CD3-B72D-47B6-A68D-7590B98EB39B}
		{9D756C50-BBC7-46CF-BBA2-62016898D5E3} = {827E0CD3-B72D-47B6-A68D-7590B98EB39B}
		{E1177CC3-10F3-4B37-87D6-8ED38B5200B9} = {827E0CD3-B72D-47B6-A68D-7590B98EB39B}
		{3F3995DE-A3AD-45D0-86AB-7C7630151ED0} = {827E0CD3-B72D-47B6-A68D-7590B98EB39B}
		{009FE7ED-75C0-4010-9D8F-8A97714FB405} = {827E0CD3-B72D-47B6-A68D-7590B98EB39B}
		{57B6F025-394C-4EE7-97F7-968965ED9C24} = {827E0CD3-B72D-47B6-A68D-7590B98EB39B}
		{AF0C7B1C-208F-497C-A39D-C42A0BAD2321} = {827E0CD3-B72D-47B6-A68D-7590B98EB39B}
		{EE89DAAD-EEBC-4084-BBF4-0C471944FD02} = {827E0CD3-B72D-47B6-A68D-7590B98EB39B}
	EndGlobalSection
EndGlobal
